
Microsoft Visual Studio Solution File, Format Version 12.00
# Visual Studio Version 17
VisualStudioVersion = 17.5.33414.496
MinimumVisualStudioVersion = 10.0.40219.1
Project("{FAE04EC0-301F-11D3-BF4B-00C04F79EFBC}") = "BackendAPI", "BackendAPI\BackendAPI.csproj", "{0A11C57A-1B19-4238-A960-B73EA88DEEA8}"
EndProject
Global
	GlobalSection(SolutionConfigurationPlatforms) = preSolution
		Debug|Any CPU = Debug|Any CPU
		Release|Any CPU = Release|Any CPU
	EndGlobalSection
	GlobalSection(ProjectConfigurationPlatforms) = postSolution
		{0A11C57A-1B19-4238-A960-B73EA88DEEA8}.Debug|Any CPU.ActiveCfg = Debug|Any CPU
		{0A11C57A-1B19-4238-A960-B73EA88DEEA8}.Debug|Any CPU.Build.0 = Debug|Any CPU
		{0A11C57A-1B19-4238-A960-B73EA88DEEA8}.Release|Any CPU.ActiveCfg = Release|Any CPU
		{0A11C57A-1B19-4238-A960-B73EA88DEEA8}.Release|Any CPU.Build.0 = Release|Any CPU
	EndGlobalSection
	GlobalSection(SolutionProperties) = preSolution
		HideSolutionNode = FALSE
	EndGlobalSection
	GlobalSection(ExtensibilityGlobals) = postSolution
		SolutionGuid = {23E36C8A-1A92-48E6-BBA9-012A5E381B29}
	EndGlobalSection
EndGlobal
